
Microsoft Visual Studio Solution File, Format Version 12.00
# Visual Studio Version 17
VisualStudioVersion = 17.14.36401.2 d17.14
MinimumVisualStudioVersion = 10.0.40219.1
Project("{FAE04EC0-301F-11D3-BF4B-00C04F79EFBC}") = "CAD_TagCreator", "CAD_TagCreator.csproj", "{7A038A9B-5393-4EBE-BDCB-57BED6B12CA3}"
EndProject
Project("{2150E333-8FDC-42A3-9474-1A3956D46DE8}") = "方案項目", "方案項目", "{8DDC4786-5FC8-F15C-1CA5-9F41FD4BEB75}"
	ProjectSection(SolutionItems) = preProject
		NodeCreator = NodeCreator
	EndProjectSection
EndProject
Global
	GlobalSection(SolutionConfigurationPlatforms) = preSolution
		Debug|Any CPU = Debug|Any CPU
		Release|Any CPU = Release|Any CPU
	EndGlobalSection
	GlobalSection(ProjectConfigurationPlatforms) = postSolution
		{7A038A9B-5393-4EBE-BDCB-57BED6B12CA3}.Debug|Any CPU.ActiveCfg = Debug|Any CPU
		{7A038A9B-5393-4EBE-BDCB-57BED6B12CA3}.Debug|Any CPU.Build.0 = Debug|Any CPU
		{7A038A9B-5393-4EBE-BDCB-57BED6B12CA3}.Release|Any CPU.ActiveCfg = Release|Any CPU
		{7A038A9B-5393-4EBE-BDCB-57BED6B12CA3}.Release|Any CPU.Build.0 = Release|Any CPU
	EndGlobalSection
	GlobalSection(SolutionProperties) = preSolution
		HideSolutionNode = FALSE
	EndGlobalSection
	GlobalSection(ExtensibilityGlobals) = postSolution
		SolutionGuid = {26D487E8-810C-45B2-95C4-C70F24DED131}
	EndGlobalSection
EndGlobal
